// !$*UTF8*$!
{
	archiveVersion = 1;
	classes = {
	};
	objectVersion = 50;
	objects = {

/* Begin PBXBuildFile section */
		9EDAC1A2252642D100C28E14 /* AppDelegate.swift in Sources */ = {isa = PBXBuildFile; fileRef = 9EDAC1A1252642D100C28E14 /* AppDelegate.swift */; };
		9EDAC1A4252642D100C28E14 /* SceneDelegate.swift in Sources */ = {isa = PBXBuildFile; fileRef = 9EDAC1A3252642D100C28E14 /* SceneDelegate.swift */; };
		9EDAC1A6252642D100C28E14 /* ViewController.swift in Sources */ = {isa = PBXBuildFile; fileRef = 9EDAC1A5252642D100C28E14 /* ViewController.swift */; };
		9EDAC1A9252642D100C28E14 /* Main.storyboard in Resources */ = {isa = PBXBuildFile; fileRef = 9EDAC1A7252642D100C28E14 /* Main.storyboard */; };
		9EDAC1AB252642D800C28E14 /* Assets.xcassets in Resources */ = {isa = PBXBuildFile; fileRef = 9EDAC1AA252642D800C28E14 /* Assets.xcassets */; };
		9EDAC1AE252642D800C28E14 /* LaunchScreen.storyboard in Resources */ = {isa = PBXBuildFile; fileRef = 9EDAC1AC252642D800C28E14 /* LaunchScreen.storyboard */; };
		9EDAC1B9252642D800C28E14 /* WebViewTests.swift in Sources */ = {isa = PBXBuildFile; fileRef = 9EDAC1B8252642D800C28E14 /* WebViewTests.swift */; };
		9EDAC1C4252642D800C28E14 /* WebViewUITests.swift in Sources */ = {isa = PBXBuildFile; fileRef = 9EDAC1C3252642D800C28E14 /* WebViewUITests.swift */; };
/* End PBXBuildFile section */

/* Begin PBXContainerItemProxy section */
		9EDAC1B5252642D800C28E14 /* PBXContainerItemProxy */ = {
			isa = PBXContainerItemProxy;
			containerPortal = 9EDAC196252642D100C28E14 /* Project object */;
			proxyType = 1;
			remoteGlobalIDString = 9EDAC19D252642D100C28E14;
			remoteInfo = WebView;
		};
		9EDAC1C0252642D800C28E14 /* PBXContainerItemProxy */ = {
			isa = PBXContainerItemProxy;
			containerPortal = 9EDAC196252642D100C28E14 /* Project object */;
			proxyType = 1;
			remoteGlobalIDString = 9EDAC19D252642D100C28E14;
			remoteInfo = WebView;
		};
/* End PBXContainerItemProxy section */

/* Begin PBXFileReference section */
		9EDAC19E252642D100C28E14 /* WebView.app */ = {isa = PBXFileReference; explicitFileType = wrapper.application; includeInIndex = 0; path = WebView.app; sourceTree = BUILT_PRODUCTS_DIR; };
		9EDAC1A1252642D100C28E14 /* AppDelegate.swift */ = {isa = PBXFileReference; lastKnownFileType = sourcecode.swift; path = AppDelegate.swift; sourceTree = "<group>"; };
		9EDAC1A3252642D100C28E14 /* SceneDelegate.swift */ = {isa = PBXFileReference; lastKnownFileType = sourcecode.swift; path = SceneDelegate.swift; sourceTree = "<group>"; };
		9EDAC1A5252642D100C28E14 /* ViewController.swift */ = {isa = PBXFileReference; lastKnownFileType = sourcecode.swift; path = ViewController.swift; sourceTree = "<group>"; };
		9EDAC1A8252642D100C28E14 /* Base */ = {isa = PBXFileReference; lastKnownFileType = file.storyboard; name = Base; path = Base.lproj/Main.storyboard; sourceTree = "<group>"; };
		9EDAC1AA252642D800C28E14 /* Assets.xcassets */ = {isa = PBXFileReference; lastKnownFileType = folder.assetcatalog; path = Assets.xcassets; sourceTree = "<group>"; };
		9EDAC1AD252642D800C28E14 /* Base */ = {isa = PBXFileReference; lastKnownFileType = file.storyboard; name = Base; path = Base.lproj/LaunchScreen.storyboard; sourceTree = "<group>"; };
		9EDAC1AF252642D800C28E14 /* Info.plist */ = {isa = PBXFileReference; lastKnownFileType = text.plist.xml; path = Info.plist; sourceTree = "<group>"; };
		9EDAC1B4252642D800C28E14 /* WebViewTests.xctest */ = {isa = PBXFileReference; explicitFileType = wrapper.cfbundle; includeInIndex = 0; path = WebViewTests.xctest; sourceTree = BUILT_PRODUCTS_DIR; };
		9EDAC1B8252642D800C28E14 /* WebViewTests.swift */ = {isa = PBXFileReference; lastKnownFileType = sourcecode.swift; path = WebViewTests.swift; sourceTree = "<group>"; };
		9EDAC1BA252642D800C28E14 /* Info.plist */ = {isa = PBXFileReference; lastKnownFileType = text.plist.xml; path = Info.plist; sourceTree = "<group>"; };
		9EDAC1BF252642D800C28E14 /* WebViewUITests.xctest */ = {isa = PBXFileReference; explicitFileType = wrapper.cfbundle; includeInIndex = 0; path = WebViewUITests.xctest; sourceTree = BUILT_PRODUCTS_DIR; };
		9EDAC1C3252642D800C28E14 /* WebViewUITests.swift */ = {isa = PBXFileReference; lastKnownFileType = sourcecode.swift; path = WebViewUITests.swift; sourceTree = "<group>"; };
		9EDAC1C5252642D800C28E14 /* Info.plist */ = {isa = PBXFileReference; lastKnownFileType = text.plist.xml; path = Info.plist; sourceTree = "<group>"; };
/* End PBXFileReference section */

/* Begin PBXFrameworksBuildPhase section */
		9EDAC19B252642D100C28E14 /* Frameworks */ = {
			isa = PBXFrameworksBuildPhase;
			buildActionMask = 2147483647;
			files = (
			);
			runOnlyForDeploymentPostprocessing = 0;
		};
		9EDAC1B1252642D800C28E14 /* Frameworks */ = {
			isa = PBXFrameworksBuildPhase;
			buildActionMask = 2147483647;
			files = (
			);
			runOnlyForDeploymentPostprocessing = 0;
		};
		9EDAC1BC252642D800C28E14 /* Frameworks */ = {
			isa = PBXFrameworksBuildPhase;
			buildActionMask = 2147483647;
			files = (
			);
			runOnlyForDeploymentPostprocessing = 0;
		};
/* End PBXFrameworksBuildPhase section */

/* Begin PBXGroup section */
		9EDAC195252642D100C28E14 = {
			isa = PBXGroup;
			children = (
				9EDAC1A0252642D100C28E14 /* WebView */,
				9EDAC1B7252642D800C28E14 /* WebViewTests */,
				9EDAC1C2252642D800C28E14 /* WebViewUITests */,
				9EDAC19F252642D100C28E14 /* Products */,
			);
			sourceTree = "<group>";
		};
		9EDAC19F252642D100C28E14 /* Products */ = {
			isa = PBXGroup;
			children = (
				9EDAC19E252642D100C28E14 /* WebView.app */,
				9EDAC1B4252642D800C28E14 /* WebViewTests.xctest */,
				9EDAC1BF252642D800C28E14 /* WebViewUITests.xctest */,
			);
			name = Products;
			sourceTree = "<group>";
		};
		9EDAC1A0252642D100C28E14 /* WebView */ = {
			isa = PBXGroup;
			children = (
				9EDAC1A1252642D100C28E14 /* AppDelegate.swift */,
				9EDAC1A3252642D100C28E14 /* SceneDelegate.swift */,
				9EDAC1A5252642D100C28E14 /* ViewController.swift */,
				9EDAC1A7252642D100C28E14 /* Main.storyboard */,
				9EDAC1AA252642D800C28E14 /* Assets.xcassets */,
				9EDAC1AC252642D800C28E14 /* LaunchScreen.storyboard */,
				9EDAC1AF252642D800C28E14 /* Info.plist */,
			);
			path = WebView;
			sourceTree = "<group>";
		};
		9EDAC1B7252642D800C28E14 /* WebViewTests */ = {
			isa = PBXGroup;
			children = (
				9EDAC1B8252642D800C28E14 /* WebViewTests.swift */,
				9EDAC1BA252642D800C28E14 /* Info.plist */,
			);
			path = WebViewTests;
			sourceTree = "<group>";
		};
		9EDAC1C2252642D800C28E14 /* WebViewUITests */ = {
			isa = PBXGroup;
			children = (
				9EDAC1C3252642D800C28E14 /* WebViewUITests.swift */,
				9EDAC1C5252642D800C28E14 /* Info.plist */,
			);
			path = WebViewUITests;
			sourceTree = "<group>";
		};
/* End PBXGroup section */

/* Begin PBXNativeTarget section */
		9EDAC19D252642D100C28E14 /* WebView */ = {
			isa = PBXNativeTarget;
			buildConfigurationList = 9EDAC1C8252642D800C28E14 /* Build configuration list for PBXNativeTarget "WebView" */;
			buildPhases = (
				9EDAC19A252642D100C28E14 /* Sources */,
				9EDAC19B252642D100C28E14 /* Frameworks */,
				9EDAC19C252642D100C28E14 /* Resources */,
			);
			buildRules = (
			);
			dependencies = (
			);
			name = WebView;
			productName = WebView;
			productReference = 9EDAC19E252642D100C28E14 /* WebView.app */;
			productType = "com.apple.product-type.application";
		};
		9EDAC1B3252642D800C28E14 /* WebViewTests */ = {
			isa = PBXNativeTarget;
			buildConfigurationList = 9EDAC1CB252642D800C28E14 /* Build configuration list for PBXNativeTarget "WebViewTests" */;
			buildPhases = (
				9EDAC1B0252642D800C28E14 /* Sources */,
				9EDAC1B1252642D800C28E14 /* Frameworks */,
				9EDAC1B2252642D800C28E14 /* Resources */,
			);
			buildRules = (
			);
			dependencies = (
				9EDAC1B6252642D800C28E14 /* PBXTargetDependency */,
			);
			name = WebViewTests;
			productName = WebViewTests;
			productReference = 9EDAC1B4252642D800C28E14 /* WebViewTests.xctest */;
			productType = "com.apple.product-type.bundle.unit-test";
		};
		9EDAC1BE252642D800C28E14 /* WebViewUITests */ = {
			isa = PBXNativeTarget;
			buildConfigurationList = 9EDAC1CE252642D800C28E14 /* Build configuration list for PBXNativeTarget "WebViewUITests" */;
			buildPhases = (
				9EDAC1BB252642D800C28E14 /* Sources */,
				9EDAC1BC252642D800C28E14 /* Frameworks */,
				9EDAC1BD252642D800C28E14 /* Resources */,
			);
			buildRules = (
			);
			dependencies = (
				9EDAC1C1252642D800C28E14 /* PBXTargetDependency */,
			);
			name = WebViewUITests;
			productName = WebViewUITests;
			productReference = 9EDAC1BF252642D800C28E14 /* WebViewUITests.xctest */;
			productType = "com.apple.product-type.bundle.ui-testing";
		};
/* End PBXNativeTarget section */

/* Begin PBXProject section */
		9EDAC196252642D100C28E14 /* Project object */ = {
			isa = PBXProject;
			attributes = {
				LastSwiftUpdateCheck = 1200;
				LastUpgradeCheck = 1200;
				TargetAttributes = {
					9EDAC19D252642D100C28E14 = {
						CreatedOnToolsVersion = 12.0;
					};
					9EDAC1B3252642D800C28E14 = {
						CreatedOnToolsVersion = 12.0;
						TestTargetID = 9EDAC19D252642D100C28E14;
					};
					9EDAC1BE252642D800C28E14 = {
						CreatedOnToolsVersion = 12.0;
						TestTargetID = 9EDAC19D252642D100C28E14;
					};
				};
			};
			buildConfigurationList = 9EDAC199252642D100C28E14 /* Build configuration list for PBXProject "WebView" */;
			compatibilityVersion = "Xcode 9.3";
			developmentRegion = en;
			hasScannedForEncodings = 0;
			knownRegions = (
				en,
				Base,
			);
			mainGroup = 9EDAC195252642D100C28E14;
			productRefGroup = 9EDAC19F252642D100C28E14 /* Products */;
			projectDirPath = "";
			projectRoot = "";
			targets = (
				9EDAC19D252642D100C28E14 /* WebView */,
				9EDAC1B3252642D800C28E14 /* WebViewTests */,
				9EDAC1BE252642D800C28E14 /* WebViewUITests */,
			);
		};
/* End PBXProject section */

/* Begin PBXResourcesBuildPhase section */
		9EDAC19C252642D100C28E14 /* Resources */ = {
			isa = PBXResourcesBuildPhase;
			buildActionMask = 2147483647;
			files = (
				9EDAC1AE252642D800C28E14 /* LaunchScreen.storyboard in Resources */,
				9EDAC1AB252642D800C28E14 /* Assets.xcassets in Resources */,
				9EDAC1A9252642D100C28E14 /* Main.storyboard in Resources */,
			);
			runOnlyForDeploymentPostprocessing = 0;
		};
		9EDAC1B2252642D800C28E14 /* Resources */ = {
			isa = PBXResourcesBuildPhase;
			buildActionMask = 2147483647;
			files = (
			);
			runOnlyForDeploymentPostprocessing = 0;
		};
		9EDAC1BD252642D800C28E14 /* Resources */ = {
			isa = PBXResourcesBuildPhase;
			buildActionMask = 2147483647;
			files = (
			);
			runOnlyForDeploymentPostprocessing = 0;
		};
/* End PBXResourcesBuildPhase section */

/* Begin PBXSourcesBuildPhase section */
		9EDAC19A252642D100C28E14 /* Sources */ = {
			isa = PBXSourcesBuildPhase;
			buildActionMask = 2147483647;
			files = (
				9EDAC1A6252642D100C28E14 /* ViewController.swift in Sources */,
				9EDAC1A2252642D100C28E14 /* AppDelegate.swift in Sources */,
				9EDAC1A4252642D100C28E14 /* SceneDelegate.swift in Sources */,
			);
			runOnlyForDeploymentPostprocessing = 0;
		};
		9EDAC1B0252642D800C28E14 /* Sources */ = {
			isa = PBXSourcesBuildPhase;
			buildActionMask = 2147483647;
			files = (
				9EDAC1B9252642D800C28E14 /* WebViewTests.swift in Sources */,
			);
			runOnlyForDeploymentPostprocessing = 0;
		};
		9EDAC1BB252642D800C28E14 /* Sources */ = {
			isa = PBXSourcesBuildPhase;
			buildActionMask = 2147483647;
			files = (
				9EDAC1C4252642D800C28E14 /* WebViewUITests.swift in Sources */,
			);
			runOnlyForDeploymentPostprocessing = 0;
		};
/* End PBXSourcesBuildPhase section */

/* Begin PBXTargetDependency section */
		9EDAC1B6252642D800C28E14 /* PBXTargetDependency */ = {
			isa = PBXTargetDependency;
			target = 9EDAC19D252642D100C28E14 /* WebView */;
			targetProxy = 9EDAC1B5252642D800C28E14 /* PBXContainerItemProxy */;
		};
		9EDAC1C1252642D800C28E14 /* PBXTargetDependency */ = {
			isa = PBXTargetDependency;
			target = 9EDAC19D252642D100C28E14 /* WebView */;
			targetProxy = 9EDAC1C0252642D800C28E14 /* PBXContainerItemProxy */;
		};
/* End PBXTargetDependency section */

/* Begin PBXVariantGroup section */
		9EDAC1A7252642D100C28E14 /* Main.storyboard */ = {
			isa = PBXVariantGroup;
			children = (
				9EDAC1A8252642D100C28E14 /* Base */,
			);
			name = Main.storyboard;
			sourceTree = "<group>";
		};
		9EDAC1AC252642D800C28E14 /* LaunchScreen.storyboard */ = {
			isa = PBXVariantGroup;
			children = (
				9EDAC1AD252642D800C28E14 /* Base */,
			);
			name = LaunchScreen.storyboard;
			sourceTree = "<group>";
		};
/* End PBXVariantGroup section */

/* Begin XCBuildConfiguration section */
		9EDAC1C6252642D800C28E14 /* Debug */ = {
			isa = XCBuildConfiguration;
			buildSettings = {
				ALWAYS_SEARCH_USER_PATHS = NO;
				CLANG_ANALYZER_NONNULL = YES;
				CLANG_ANALYZER_NUMBER_OBJECT_CONVERSION = YES_AGGRESSIVE;
				CLANG_CXX_LANGUAGE_STANDARD = "gnu++14";
				CLANG_CXX_LIBRARY = "libc++";
				CLANG_ENABLE_MODULES = YES;
				CLANG_ENABLE_OBJC_ARC = YES;
				CLANG_ENABLE_OBJC_WEAK = YES;
				CLANG_WARN_BLOCK_CAPTURE_AUTORELEASING = YES;
				CLANG_WARN_BOOL_CONVERSION = YES;
				CLANG_WARN_COMMA = YES;
				CLANG_WARN_CONSTANT_CONVERSION = YES;
				CLANG_WARN_DEPRECATED_OBJC_IMPLEMENTATIONS = YES;
				CLANG_WARN_DIRECT_OBJC_ISA_USAGE = YES_ERROR;
				CLANG_WARN_DOCUMENTATION_COMMENTS = YES;
				CLANG_WARN_EMPTY_BODY = YES;
				CLANG_WARN_ENUM_CONVERSION = YES;
				CLANG_WARN_INFINITE_RECURSION = YES;
				CLANG_WARN_INT_CONVERSION = YES;
				CLANG_WARN_NON_LITERAL_NULL_CONVERSION = YES;
				CLANG_WARN_OBJC_IMPLICIT_RETAIN_SELF = YES;
				CLANG_WARN_OBJC_LITERAL_CONVERSION = YES;
				CLANG_WARN_OBJC_ROOT_CLASS = YES_ERROR;
				CLANG_WARN_QUOTED_INCLUDE_IN_FRAMEWORK_HEADER = YES;
				CLANG_WARN_RANGE_LOOP_ANALYSIS = YES;
				CLANG_WARN_STRICT_PROTOTYPES = YES;
				CLANG_WARN_SUSPICIOUS_MOVE = YES;
				CLANG_WARN_UNGUARDED_AVAILABILITY = YES_AGGRESSIVE;
				CLANG_WARN_UNREACHABLE_CODE = YES;
				CLANG_WARN__DUPLICATE_METHOD_MATCH = YES;
				COPY_PHASE_STRIP = NO;
				DEBUG_INFORMATION_FORMAT = dwarf;
				ENABLE_STRICT_OBJC_MSGSEND = YES;
				ENABLE_TESTABILITY = YES;
				GCC_C_LANGUAGE_STANDARD = gnu11;
				GCC_DYNAMIC_NO_PIC = NO;
				GCC_NO_COMMON_BLOCKS = YES;
				GCC_OPTIMIZATION_LEVEL = 0;
				GCC_PREPROCESSOR_DEFINITIONS = (
					"DEBUG=1",
					"$(inherited)",
				);
				GCC_WARN_64_TO_32_BIT_CONVERSION = YES;
				GCC_WARN_ABOUT_RETURN_TYPE = YES_ERROR;
				GCC_WARN_UNDECLARED_SELECTOR = YES;
				GCC_WARN_UNINITIALIZED_AUTOS = YES_AGGRESSIVE;
				GCC_WARN_UNUSED_FUNCTION = YES;
				GCC_WARN_UNUSED_VARIABLE = YES;
				IPHONEOS_DEPLOYMENT_TARGET = 14.0;
				MTL_ENABLE_DEBUG_INFO = INCLUDE_SOURCE;
				MTL_FAST_MATH = YES;
				ONLY_ACTIVE_ARCH = YES;
				SDKROOT = iphoneos;
				SWIFT_ACTIVE_COMPILATION_CONDITIONS = DEBUG;
				SWIFT_OPTIMIZATION_LEVEL = "-Onone";
			};
			name = Debug;
		};
		9EDAC1C7252642D800C28E14 /* Release */ = {
			isa = XCBuildConfiguration;
			buildSettings = {
				ALWAYS_SEARCH_USER_PATHS = NO;
				CLANG_ANALYZER_NONNULL = YES;
				CLANG_ANALYZER_NUMBER_OBJECT_CONVERSION = YES_AGGRESSIVE;
				CLANG_CXX_LANGUAGE_STANDARD = "gnu++14";
				CLANG_CXX_LIBRARY = "libc++";
				CLANG_ENABLE_MODULES = YES;
				CLANG_ENABLE_OBJC_ARC = YES;
				CLANG_ENABLE_OBJC_WEAK = YES;
				CLANG_WARN_BLOCK_CAPTURE_AUTORELEASING = YES;
				CLANG_WARN_BOOL_CONVERSION = YES;
				CLANG_WARN_COMMA = YES;
				CLANG_WARN_CONSTANT_CONVERSION = YES;
				CLANG_WARN_DEPRECATED_OBJC_IMPLEMENTATIONS = YES;
				CLANG_WARN_DIRECT_OBJC_ISA_USAGE = YES_ERROR;
				CLANG_WARN_DOCUMENTATION_COMMENTS = YES;
				CLANG_WARN_EMPTY_BODY = YES;
				CLANG_WARN_ENUM_CONVERSION = YES;
				CLANG_WARN_INFINITE_RECURSION = YES;
				CLANG_WARN_INT_CONVERSION = YES;
				CLANG_WARN_NON_LITERAL_NULL_CONVERSION = YES;
				CLANG_WARN_OBJC_IMPLICIT_RETAIN_SELF = YES;
				CLANG_WARN_OBJC_LITERAL_CONVERSION = YES;
				CLANG_WARN_OBJC_ROOT_CLASS = YES_ERROR;
				CLANG_WARN_QUOTED_INCLUDE_IN_FRAMEWORK_HEADER = YES;
				CLANG_WARN_RANGE_LOOP_ANALYSIS = YES;
				CLANG_WARN_STRICT_PROTOTYPES = YES;
				CLANG_WARN_SUSPICIOUS_MOVE = YES;
				CLANG_WARN_UNGUARDED_AVAILABILITY = YES_AGGRESSIVE;
				CLANG_WARN_UNREACHABLE_CODE = YES;
				CLANG_WARN__DUPLICATE_METHOD_MATCH = YES;
				COPY_PHASE_STRIP = NO;
				DEBUG_INFORMATION_FORMAT = "dwarf-with-dsym";
				ENABLE_NS_ASSERTIONS = NO;
				ENABLE_STRICT_OBJC_MSGSEND = YES;
				GCC_C_LANGUAGE_STANDARD = gnu11;
				GCC_NO_COMMON_BLOCKS = YES;
				GCC_WARN_64_TO_32_BIT_CONVERSION = YES;
				GCC_WARN_ABOUT_RETURN_TYPE = YES_ERROR;
				GCC_WARN_UNDECLARED_SELECTOR = YES;
				GCC_WARN_UNINITIALIZED_AUTOS = YES_AGGRESSIVE;
				GCC_WARN_UNUSED_FUNCTION = YES;
				GCC_WARN_UNUSED_VARIABLE = YES;
				IPHONEOS_DEPLOYMENT_TARGET = 14.0;
				MTL_ENABLE_DEBUG_INFO = NO;
				MTL_FAST_MATH = YES;
				SDKROOT = iphoneos;
				SWIFT_COMPILATION_MODE = wholemodule;
				SWIFT_OPTIMIZATION_LEVEL = "-O";
				VALIDATE_PRODUCT = YES;
			};
			name = Release;
		};
		9EDAC1C9252642D800C28E14 /* Debug */ = {
			isa = XCBuildConfiguration;
			buildSettings = {
				ASSETCATALOG_COMPILER_APPICON_NAME = AppIcon;
				ASSETCATALOG_COMPILER_GLOBAL_ACCENT_COLOR_NAME = AccentColor;
				CODE_SIGN_STYLE = Automatic;
				INFOPLIST_FILE = WebView/Info.plist;
				LD_RUNPATH_SEARCH_PATHS = (
					"$(inherited)",
					"@executable_path/Frameworks",
				);
				PRODUCT_BUNDLE_IDENTIFIER = newCo.WebView;
				PRODUCT_NAME = "$(TARGET_NAME)";
				SWIFT_VERSION = 5.0;
				TARGETED_DEVICE_FAMILY = "1,2";
			};
			name = Debug;
		};
		9EDAC1CA252642D800C28E14 /* Release */ = {
			isa = XCBuildConfiguration;
			buildSettings = {
				ASSETCATALOG_COMPILER_APPICON_NAME = AppIcon;
				ASSETCATALOG_COMPILER_GLOBAL_ACCENT_COLOR_NAME = AccentColor;
				CODE_SIGN_STYLE = Automatic;
				INFOPLIST_FILE = WebView/Info.plist;
				LD_RUNPATH_SEARCH_PATHS = (
					"$(inherited)",
					"@executable_path/Frameworks",
				);
				PRODUCT_BUNDLE_IDENTIFIER = newCo.WebView;
				PRODUCT_NAME = "$(TARGET_NAME)";
				SWIFT_VERSION = 5.0;
				TARGETED_DEVICE_FAMILY = "1,2";
			};
			name = Release;
		};
		9EDAC1CC252642D800C28E14 /* Debug */ = {
			isa = XCBuildConfiguration;
			buildSettings = {
				ALWAYS_EMBED_SWIFT_STANDARD_LIBRARIES = YES;
				BUNDLE_LOADER = "$(TEST_HOST)";
				CODE_SIGN_STYLE = Automatic;
				INFOPLIST_FILE = WebViewTests/Info.plist;
				IPHONEOS_DEPLOYMENT_TARGET = 14.0;
				LD_RUNPATH_SEARCH_PATHS = (
					"$(inherited)",
					"@executable_path/Frameworks",
					"@loader_path/Frameworks",
				);
				PRODUCT_BUNDLE_IDENTIFIER = newCo.WebViewTests;
				PRODUCT_NAME = "$(TARGET_NAME)";
				SWIFT_VERSION = 5.0;
				TARGETED_DEVICE_FAMILY = "1,2";
				TEST_HOST = "$(BUILT_PRODUCTS_DIR)/WebView.app/WebView";
			};
			name = Debug;
		};
		9EDAC1CD252642D800C28E14 /* Release */ = {
			isa = XCBuildConfiguration;
			buildSettings = {
				ALWAYS_EMBED_SWIFT_STANDARD_LIBRARIES = YES;
				BUNDLE_LOADER = "$(TEST_HOST)";
				CODE_SIGN_STYLE = Automatic;
				INFOPLIST_FILE = WebViewTests/Info.plist;
				IPHONEOS_DEPLOYMENT_TARGET = 14.0;
				LD_RUNPATH_SEARCH_PATHS = (
					"$(inherited)",
					"@executable_path/Frameworks",
					"@loader_path/Frameworks",
				);
				PRODUCT_BUNDLE_IDENTIFIER = newCo.WebViewTests;
				PRODUCT_NAME = "$(TARGET_NAME)";
				SWIFT_VERSION = 5.0;
				TARGETED_DEVICE_FAMILY = "1,2";
				TEST_HOST = "$(BUILT_PRODUCTS_DIR)/WebView.app/WebView";
			};
			name = Release;
		};
		9EDAC1CF252642D800C28E14 /* Debug */ = {
			isa = XCBuildConfiguration;
			buildSettings = {
				ALWAYS_EMBED_SWIFT_STANDARD_LIBRARIES = YES;
				CODE_SIGN_STYLE = Automatic;
				INFOPLIST_FILE = WebViewUITests/Info.plist;
				LD_RUNPATH_SEARCH_PATHS = (
					"$(inherited)",
					"@executable_path/Frameworks",
					"@loader_path/Frameworks",
				);
				PRODUCT_BUNDLE_IDENTIFIER = newCo.WebViewUITests;
				PRODUCT_NAME = "$(TARGET_NAME)";
				SWIFT_VERSION = 5.0;
				TARGETED_DEVICE_FAMILY = "1,2";
				TEST_TARGET_NAME = WebView;
			};
			name = Debug;
		};
		9EDAC1D0252642D800C28E14 /* Release */ = {
			isa = XCBuildConfiguration;
			buildSettings = {
				ALWAYS_EMBED_SWIFT_STANDARD_LIBRARIES = YES;
				CODE_SIGN_STYLE = Automatic;
				INFOPLIST_FILE = WebViewUITests/Info.plist;
				LD_RUNPATH_SEARCH_PATHS = (
					"$(inherited)",
					"@executable_path/Frameworks",
					"@loader_path/Frameworks",
				);
				PRODUCT_BUNDLE_IDENTIFIER = newCo.WebViewUITests;
				PRODUCT_NAME = "$(TARGET_NAME)";
				SWIFT_VERSION = 5.0;
				TARGETED_DEVICE_FAMILY = "1,2";
				TEST_TARGET_NAME = WebView;
			};
			name = Release;
		};
/* End XCBuildConfiguration section */

/* Begin XCConfigurationList section */
		9EDAC199252642D100C28E14 /* Build configuration list for PBXProject "WebView" */ = {
			isa = XCConfigurationList;
			buildConfigurations = (
				9EDAC1C6252642D800C28E14 /* Debug */,
				9EDAC1C7252642D800C28E14 /* Release */,
			);
			defaultConfigurationIsVisible = 0;
			defaultConfigurationName = Release;
		};
		9EDAC1C8252642D800C28E14 /* Build configuration list for PBXNativeTarget "WebView" */ = {
			isa = XCConfigurationList;
			buildConfigurations = (
				9EDAC1C9252642D800C28E14 /* Debug */,
				9EDAC1CA252642D800C28E14 /* Release */,
			);
			defaultConfigurationIsVisible = 0;
			defaultConfigurationName = Release;
		};
		9EDAC1CB252642D800C28E14 /* Build configuration list for PBXNativeTarget "WebViewTests" */ = {
			isa = XCConfigurationList;
			buildConfigurations = (
				9EDAC1CC252642D800C28E14 /* Debug */,
				9EDAC1CD252642D800C28E14 /* Release */,
			);
			defaultConfigurationIsVisible = 0;
			defaultConfigurationName = Release;
		};
		9EDAC1CE252642D800C28E14 /* Build configuration list for PBXNativeTarget "WebViewUITests" */ = {
			isa = XCConfigurationList;
			buildConfigurations = (
				9EDAC1CF252642D800C28E14 /* Debug */,
				9EDAC1D0252642D800C28E14 /* Release */,
			);
			defaultConfigurationIsVisible = 0;
			defaultConfigurationName = Release;
		};
/* End XCConfigurationList section */
	};
	rootObject = 9EDAC196252642D100C28E14 /* Project object */;
}
